
Microsoft Visual Studio Solution File, Format Version 12.00
# Visual Studio Version 16
VisualStudioVersion = 16.0.31025.194
MinimumVisualStudioVersion = 10.0.40219.1
Project("{FAE04EC0-301F-11D3-BF4B-00C04F79EFBC}") = "SRMDataManager", "SRMDataManager\SRMDataManager.csproj", "{27E3F86E-38AA-4428-ABCC-A40C59A2A823}"
EndProject
Project("{00D1A9C2-B5F0-4AF3-8072-F6C62B433612}") = "SRMData", "SRMData\SRMData.sqlproj", "{08A26E72-44C8-416F-A9EC-E3AE93C4ED48}"
EndProject
Global
	GlobalSection(SolutionConfigurationPlatforms) = preSolution
		Debug|Any CPU = Debug|Any CPU
		Release|Any CPU = Release|Any CPU
	EndGlobalSection
	GlobalSection(ProjectConfigurationPlatforms) = postSolution
		{27E3F86E-38AA-4428-ABCC-A40C59A2A823}.Debug|Any CPU.ActiveCfg = Debug|Any CPU
		{27E3F86E-38AA-4428-ABCC-A40C59A2A823}.Debug|Any CPU.Build.0 = Debug|Any CPU
		{27E3F86E-38AA-4428-ABCC-A40C59A2A823}.Release|Any CPU.ActiveCfg = Release|Any CPU
		{27E3F86E-38AA-4428-ABCC-A40C59A2A823}.Release|Any CPU.Build.0 = Release|Any CPU
		{08A26E72-44C8-416F-A9EC-E3AE93C4ED48}.Debug|Any CPU.ActiveCfg = Debug|Any CPU
		{08A26E72-44C8-416F-A9EC-E3AE93C4ED48}.Debug|Any CPU.Build.0 = Debug|Any CPU
		{08A26E72-44C8-416F-A9EC-E3AE93C4ED48}.Debug|Any CPU.Deploy.0 = Debug|Any CPU
		{08A26E72-44C8-416F-A9EC-E3AE93C4ED48}.Release|Any CPU.ActiveCfg = Release|Any CPU
		{08A26E72-44C8-416F-A9EC-E3AE93C4ED48}.Release|Any CPU.Build.0 = Release|Any CPU
		{08A26E72-44C8-416F-A9EC-E3AE93C4ED48}.Release|Any CPU.Deploy.0 = Release|Any CPU
	EndGlobalSection
	GlobalSection(SolutionProperties) = preSolution
		HideSolutionNode = FALSE
	EndGlobalSection
	GlobalSection(ExtensibilityGlobals) = postSolution
		SolutionGuid = {48EC6263-FEA5-463D-A958-01ADD668F5CA}
	EndGlobalSection
EndGlobal
